// !$*UTF8*$!
{
	archiveVersion = 1;
	classes = {
	};
	objectVersion = 56;
	objects = {

/* Begin PBXBuildFile section */
		9422B0152AB710160067CED2 /* TVNetwork.swift in Sources */ = {isa = PBXBuildFile; fileRef = 9422B0142AB710160067CED2 /* TVNetwork.swift */; };
		9422B0172AB710BC0067CED2 /* MovieNetwork.swift in Sources */ = {isa = PBXBuildFile; fileRef = 9422B0162AB710BC0067CED2 /* MovieNetwork.swift */; };
		9422B0192AB711660067CED2 /* NetworkProvider.swift in Sources */ = {isa = PBXBuildFile; fileRef = 9422B0182AB711660067CED2 /* NetworkProvider.swift */; };
		9422B01B2AB712900067CED2 /* ButtonView.swift in Sources */ = {isa = PBXBuildFile; fileRef = 9422B01A2AB712900067CED2 /* ButtonView.swift */; };
		9422B01D2AB7407C0067CED2 /* ViewModel.swift in Sources */ = {isa = PBXBuildFile; fileRef = 9422B01C2AB7407C0067CED2 /* ViewModel.swift */; };
		947FB8E22AB36B73001315D1 /* AppDelegate.swift in Sources */ = {isa = PBXBuildFile; fileRef = 947FB8E12AB36B73001315D1 /* AppDelegate.swift */; };
		947FB8E42AB36B73001315D1 /* SceneDelegate.swift in Sources */ = {isa = PBXBuildFile; fileRef = 947FB8E32AB36B73001315D1 /* SceneDelegate.swift */; };
		947FB8E62AB36B73001315D1 /* ViewController.swift in Sources */ = {isa = PBXBuildFile; fileRef = 947FB8E52AB36B73001315D1 /* ViewController.swift */; };
		947FB8E92AB36B73001315D1 /* Main.storyboard in Resources */ = {isa = PBXBuildFile; fileRef = 947FB8E72AB36B73001315D1 /* Main.storyboard */; };
		947FB8EC2AB36B73001315D1 /* TVMovie.xcdatamodeld in Sources */ = {isa = PBXBuildFile; fileRef = 947FB8EA2AB36B73001315D1 /* TVMovie.xcdatamodeld */; };
		947FB8EE2AB36B74001315D1 /* Assets.xcassets in Resources */ = {isa = PBXBuildFile; fileRef = 947FB8ED2AB36B74001315D1 /* Assets.xcassets */; };
		947FB8F12AB36B74001315D1 /* LaunchScreen.storyboard in Resources */ = {isa = PBXBuildFile; fileRef = 947FB8EF2AB36B74001315D1 /* LaunchScreen.storyboard */; };
		947FB8FA2AB36C28001315D1 /* Kingfisher in Frameworks */ = {isa = PBXBuildFile; productRef = 947FB8F92AB36C28001315D1 /* Kingfisher */; };
		947FB8FD2AB36C88001315D1 /* SnapKit in Frameworks */ = {isa = PBXBuildFile; productRef = 947FB8FC2AB36C88001315D1 /* SnapKit */; };
		947FB9002AB36D56001315D1 /* RxCocoa in Frameworks */ = {isa = PBXBuildFile; productRef = 947FB8FF2AB36D56001315D1 /* RxCocoa */; };
		947FB9022AB36D56001315D1 /* RxSwift in Frameworks */ = {isa = PBXBuildFile; productRef = 947FB9012AB36D56001315D1 /* RxSwift */; };
		947FB9052AB36DCE001315D1 /* RxAlamofire in Frameworks */ = {isa = PBXBuildFile; productRef = 947FB9042AB36DCE001315D1 /* RxAlamofire */; };
		947FB9082AB36FB5001315D1 /* Constant.swift in Sources */ = {isa = PBXBuildFile; fileRef = 947FB9072AB36FB5001315D1 /* Constant.swift */; };
		947FB90B2AB70850001315D1 /* TV.swift in Sources */ = {isa = PBXBuildFile; fileRef = 947FB90A2AB70850001315D1 /* TV.swift */; };
		947FB90D2AB70C28001315D1 /* Movie.swift in Sources */ = {isa = PBXBuildFile; fileRef = 947FB90C2AB70C28001315D1 /* Movie.swift */; };
		947FB90F2AB70CFE001315D1 /* MovieResult.swift in Sources */ = {isa = PBXBuildFile; fileRef = 947FB90E2AB70CFE001315D1 /* MovieResult.swift */; };
		947FB9112AB70DD9001315D1 /* Network.swift in Sources */ = {isa = PBXBuildFile; fileRef = 947FB9102AB70DD9001315D1 /* Network.swift */; };
/* End PBXBuildFile section */

/* Begin PBXFileReference section */
		9422B0142AB710160067CED2 /* TVNetwork.swift */ = {isa = PBXFileReference; lastKnownFileType = sourcecode.swift; path = TVNetwork.swift; sourceTree = "<group>"; };
		9422B0162AB710BC0067CED2 /* MovieNetwork.swift */ = {isa = PBXFileReference; lastKnownFileType = sourcecode.swift; path = MovieNetwork.swift; sourceTree = "<group>"; };
		9422B0182AB711660067CED2 /* NetworkProvider.swift */ = {isa = PBXFileReference; lastKnownFileType = sourcecode.swift; path = NetworkProvider.swift; sourceTree = "<group>"; };
		9422B01A2AB712900067CED2 /* ButtonView.swift */ = {isa = PBXFileReference; lastKnownFileType = sourcecode.swift; path = ButtonView.swift; sourceTree = "<group>"; };
		9422B01C2AB7407C0067CED2 /* ViewModel.swift */ = {isa = PBXFileReference; lastKnownFileType = sourcecode.swift; path = ViewModel.swift; sourceTree = "<group>"; };
		947FB8DE2AB36B73001315D1 /* TVMovie.app */ = {isa = PBXFileReference; explicitFileType = wrapper.application; includeInIndex = 0; path = TVMovie.app; sourceTree = BUILT_PRODUCTS_DIR; };
		947FB8E12AB36B73001315D1 /* AppDelegate.swift */ = {isa = PBXFileReference; lastKnownFileType = sourcecode.swift; path = AppDelegate.swift; sourceTree = "<group>"; };
		947FB8E32AB36B73001315D1 /* SceneDelegate.swift */ = {isa = PBXFileReference; lastKnownFileType = sourcecode.swift; path = SceneDelegate.swift; sourceTree = "<group>"; };
		947FB8E52AB36B73001315D1 /* ViewController.swift */ = {isa = PBXFileReference; lastKnownFileType = sourcecode.swift; path = ViewController.swift; sourceTree = "<group>"; };
		947FB8E82AB36B73001315D1 /* Base */ = {isa = PBXFileReference; lastKnownFileType = file.storyboard; name = Base; path = Base.lproj/Main.storyboard; sourceTree = "<group>"; };
		947FB8EB2AB36B73001315D1 /* TVMovie.xcdatamodel */ = {isa = PBXFileReference; lastKnownFileType = wrapper.xcdatamodel; path = TVMovie.xcdatamodel; sourceTree = "<group>"; };
		947FB8ED2AB36B74001315D1 /* Assets.xcassets */ = {isa = PBXFileReference; lastKnownFileType = folder.assetcatalog; path = Assets.xcassets; sourceTree = "<group>"; };
		947FB8F02AB36B74001315D1 /* Base */ = {isa = PBXFileReference; lastKnownFileType = file.storyboard; name = Base; path = Base.lproj/LaunchScreen.storyboard; sourceTree = "<group>"; };
		947FB8F22AB36B74001315D1 /* Info.plist */ = {isa = PBXFileReference; lastKnownFileType = text.plist.xml; path = Info.plist; sourceTree = "<group>"; };
		947FB9072AB36FB5001315D1 /* Constant.swift */ = {isa = PBXFileReference; lastKnownFileType = sourcecode.swift; path = Constant.swift; sourceTree = "<group>"; };
		947FB90A2AB70850001315D1 /* TV.swift */ = {isa = PBXFileReference; lastKnownFileType = sourcecode.swift; path = TV.swift; sourceTree = "<group>"; };
		947FB90C2AB70C28001315D1 /* Movie.swift */ = {isa = PBXFileReference; lastKnownFileType = sourcecode.swift; path = Movie.swift; sourceTree = "<group>"; };
		947FB90E2AB70CFE001315D1 /* MovieResult.swift */ = {isa = PBXFileReference; lastKnownFileType = sourcecode.swift; path = MovieResult.swift; sourceTree = "<group>"; };
		947FB9102AB70DD9001315D1 /* Network.swift */ = {isa = PBXFileReference; lastKnownFileType = sourcecode.swift; path = Network.swift; sourceTree = "<group>"; };
/* End PBXFileReference section */

/* Begin PBXFrameworksBuildPhase section */
		947FB8DB2AB36B73001315D1 /* Frameworks */ = {
			isa = PBXFrameworksBuildPhase;
			buildActionMask = 2147483647;
			files = (
				947FB9002AB36D56001315D1 /* RxCocoa in Frameworks */,
				947FB8FA2AB36C28001315D1 /* Kingfisher in Frameworks */,
				947FB9022AB36D56001315D1 /* RxSwift in Frameworks */,
				947FB9052AB36DCE001315D1 /* RxAlamofire in Frameworks */,
				947FB8FD2AB36C88001315D1 /* SnapKit in Frameworks */,
			);
			runOnlyForDeploymentPostprocessing = 0;
		};
/* End PBXFrameworksBuildPhase section */

/* Begin PBXGroup section */
		947FB8D52AB36B73001315D1 = {
			isa = PBXGroup;
			children = (
				947FB8E02AB36B73001315D1 /* TVMovie */,
				947FB8DF2AB36B73001315D1 /* Products */,
			);
			sourceTree = "<group>";
		};
		947FB8DF2AB36B73001315D1 /* Products */ = {
			isa = PBXGroup;
			children = (
				947FB8DE2AB36B73001315D1 /* TVMovie.app */,
			);
			name = Products;
			sourceTree = "<group>";
		};
		947FB8E02AB36B73001315D1 /* TVMovie */ = {
			isa = PBXGroup;
			children = (
				947FB8E12AB36B73001315D1 /* AppDelegate.swift */,
				947FB8E32AB36B73001315D1 /* SceneDelegate.swift */,
				947FB8E52AB36B73001315D1 /* ViewController.swift */,
				9422B01C2AB7407C0067CED2 /* ViewModel.swift */,
				9422B01A2AB712900067CED2 /* ButtonView.swift */,
				947FB9062AB36FA8001315D1 /* Network */,
				947FB8E72AB36B73001315D1 /* Main.storyboard */,
				947FB8ED2AB36B74001315D1 /* Assets.xcassets */,
				947FB8EF2AB36B74001315D1 /* LaunchScreen.storyboard */,
				947FB8F22AB36B74001315D1 /* Info.plist */,
				947FB8EA2AB36B73001315D1 /* TVMovie.xcdatamodeld */,
			);
			path = TVMovie;
			sourceTree = "<group>";
		};
		947FB9062AB36FA8001315D1 /* Network */ = {
			isa = PBXGroup;
			children = (
				947FB9072AB36FB5001315D1 /* Constant.swift */,
				947FB9102AB70DD9001315D1 /* Network.swift */,
				9422B0142AB710160067CED2 /* TVNetwork.swift */,
				9422B0162AB710BC0067CED2 /* MovieNetwork.swift */,
				9422B0182AB711660067CED2 /* NetworkProvider.swift */,
				947FB9092AB70844001315D1 /* Entity */,
			);
			path = Network;
			sourceTree = "<group>";
		};
		947FB9092AB70844001315D1 /* Entity */ = {
			isa = PBXGroup;
			children = (
				947FB90A2AB70850001315D1 /* TV.swift */,
				947FB90C2AB70C28001315D1 /* Movie.swift */,
				947FB90E2AB70CFE001315D1 /* MovieResult.swift */,
			);
			path = Entity;
			sourceTree = "<group>";
		};
/* End PBXGroup section */

/* Begin PBXNativeTarget section */
		947FB8DD2AB36B73001315D1 /* TVMovie */ = {
			isa = PBXNativeTarget;
			buildConfigurationList = 947FB8F52AB36B74001315D1 /* Build configuration list for PBXNativeTarget "TVMovie" */;
			buildPhases = (
				947FB8DA2AB36B73001315D1 /* Sources */,
				947FB8DB2AB36B73001315D1 /* Frameworks */,
				947FB8DC2AB36B73001315D1 /* Resources */,
			);
			buildRules = (
			);
			dependencies = (
			);
			name = TVMovie;
			packageProductDependencies = (
				947FB8F92AB36C28001315D1 /* Kingfisher */,
				947FB8FC2AB36C88001315D1 /* SnapKit */,
				947FB8FF2AB36D56001315D1 /* RxCocoa */,
				947FB9012AB36D56001315D1 /* RxSwift */,
				947FB9042AB36DCE001315D1 /* RxAlamofire */,
			);
			productName = TVMovie;
			productReference = 947FB8DE2AB36B73001315D1 /* TVMovie.app */;
			productType = "com.apple.product-type.application";
		};
/* End PBXNativeTarget section */

/* Begin PBXProject section */
		947FB8D62AB36B73001315D1 /* Project object */ = {
			isa = PBXProject;
			attributes = {
				BuildIndependentTargetsInParallel = 1;
				LastSwiftUpdateCheck = 1430;
				LastUpgradeCheck = 1430;
				TargetAttributes = {
					947FB8DD2AB36B73001315D1 = {
						CreatedOnToolsVersion = 14.3.1;
					};
				};
			};
			buildConfigurationList = 947FB8D92AB36B73001315D1 /* Build configuration list for PBXProject "TVMovie" */;
			compatibilityVersion = "Xcode 14.0";
			developmentRegion = en;
			hasScannedForEncodings = 0;
			knownRegions = (
				en,
				Base,
			);
			mainGroup = 947FB8D52AB36B73001315D1;
			packageReferences = (
				947FB8F82AB36C28001315D1 /* XCRemoteSwiftPackageReference "Kingfisher" */,
				947FB8FB2AB36C88001315D1 /* XCRemoteSwiftPackageReference "SnapKit" */,
				947FB8FE2AB36D56001315D1 /* XCRemoteSwiftPackageReference "RxSwift" */,
				947FB9032AB36DCE001315D1 /* XCRemoteSwiftPackageReference "RxAlamofire" */,
			);
			productRefGroup = 947FB8DF2AB36B73001315D1 /* Products */;
			projectDirPath = "";
			projectRoot = "";
			targets = (
				947FB8DD2AB36B73001315D1 /* TVMovie */,
			);
		};
/* End PBXProject section */

/* Begin PBXResourcesBuildPhase section */
		947FB8DC2AB36B73001315D1 /* Resources */ = {
			isa = PBXResourcesBuildPhase;
			buildActionMask = 2147483647;
			files = (
				947FB8F12AB36B74001315D1 /* LaunchScreen.storyboard in Resources */,
				947FB8EE2AB36B74001315D1 /* Assets.xcassets in Resources */,
				947FB8E92AB36B73001315D1 /* Main.storyboard in Resources */,
			);
			runOnlyForDeploymentPostprocessing = 0;
		};
/* End PBXResourcesBuildPhase section */

/* Begin PBXSourcesBuildPhase section */
		947FB8DA2AB36B73001315D1 /* Sources */ = {
			isa = PBXSourcesBuildPhase;
			buildActionMask = 2147483647;
			files = (
				947FB90D2AB70C28001315D1 /* Movie.swift in Sources */,
				947FB8E62AB36B73001315D1 /* ViewController.swift in Sources */,
				947FB8E22AB36B73001315D1 /* AppDelegate.swift in Sources */,
				947FB90F2AB70CFE001315D1 /* MovieResult.swift in Sources */,
				947FB9082AB36FB5001315D1 /* Constant.swift in Sources */,
				9422B0192AB711660067CED2 /* NetworkProvider.swift in Sources */,
				9422B01D2AB7407C0067CED2 /* ViewModel.swift in Sources */,
				9422B0172AB710BC0067CED2 /* MovieNetwork.swift in Sources */,
				947FB9112AB70DD9001315D1 /* Network.swift in Sources */,
				9422B0152AB710160067CED2 /* TVNetwork.swift in Sources */,
				9422B01B2AB712900067CED2 /* ButtonView.swift in Sources */,
				947FB8EC2AB36B73001315D1 /* TVMovie.xcdatamodeld in Sources */,
				947FB8E42AB36B73001315D1 /* SceneDelegate.swift in Sources */,
				947FB90B2AB70850001315D1 /* TV.swift in Sources */,
			);
			runOnlyForDeploymentPostprocessing = 0;
		};
/* End PBXSourcesBuildPhase section */

/* Begin PBXVariantGroup section */
		947FB8E72AB36B73001315D1 /* Main.storyboard */ = {
			isa = PBXVariantGroup;
			children = (
				947FB8E82AB36B73001315D1 /* Base */,
			);
			name = Main.storyboard;
			sourceTree = "<group>";
		};
		947FB8EF2AB36B74001315D1 /* LaunchScreen.storyboard */ = {
			isa = PBXVariantGroup;
			children = (
				947FB8F02AB36B74001315D1 /* Base */,
			);
			name = LaunchScreen.storyboard;
			sourceTree = "<group>";
		};
/* End PBXVariantGroup section */

/* Begin XCBuildConfiguration section */
		947FB8F32AB36B74001315D1 /* Debug */ = {
			isa = XCBuildConfiguration;
			buildSettings = {
				ALWAYS_SEARCH_USER_PATHS = NO;
				CLANG_ANALYZER_NONNULL = YES;
				CLANG_ANALYZER_NUMBER_OBJECT_CONVERSION = YES_AGGRESSIVE;
				CLANG_CXX_LANGUAGE_STANDARD = "gnu++20";
				CLANG_ENABLE_MODULES = YES;
				CLANG_ENABLE_OBJC_ARC = YES;
				CLANG_ENABLE_OBJC_WEAK = YES;
				CLANG_WARN_BLOCK_CAPTURE_AUTORELEASING = YES;
				CLANG_WARN_BOOL_CONVERSION = YES;
				CLANG_WARN_COMMA = YES;
				CLANG_WARN_CONSTANT_CONVERSION = YES;
				CLANG_WARN_DEPRECATED_OBJC_IMPLEMENTATIONS = YES;
				CLANG_WARN_DIRECT_OBJC_ISA_USAGE = YES_ERROR;
				CLANG_WARN_DOCUMENTATION_COMMENTS = YES;
				CLANG_WARN_EMPTY_BODY = YES;
				CLANG_WARN_ENUM_CONVERSION = YES;
				CLANG_WARN_INFINITE_RECURSION = YES;
				CLANG_WARN_INT_CONVERSION = YES;
				CLANG_WARN_NON_LITERAL_NULL_CONVERSION = YES;
				CLANG_WARN_OBJC_IMPLICIT_RETAIN_SELF = YES;
				CLANG_WARN_OBJC_LITERAL_CONVERSION = YES;
				CLANG_WARN_OBJC_ROOT_CLASS = YES_ERROR;
				CLANG_WARN_QUOTED_INCLUDE_IN_FRAMEWORK_HEADER = YES;
				CLANG_WARN_RANGE_LOOP_ANALYSIS = YES;
				CLANG_WARN_STRICT_PROTOTYPES = YES;
				CLANG_WARN_SUSPICIOUS_MOVE = YES;
				CLANG_WARN_UNGUARDED_AVAILABILITY = YES_AGGRESSIVE;
				CLANG_WARN_UNREACHABLE_CODE = YES;
				CLANG_WARN__DUPLICATE_METHOD_MATCH = YES;
				COPY_PHASE_STRIP = NO;
				DEBUG_INFORMATION_FORMAT = dwarf;
				ENABLE_STRICT_OBJC_MSGSEND = YES;
				ENABLE_TESTABILITY = YES;
				GCC_C_LANGUAGE_STANDARD = gnu11;
				GCC_DYNAMIC_NO_PIC = NO;
				GCC_NO_COMMON_BLOCKS = YES;
				GCC_OPTIMIZATION_LEVEL = 0;
				GCC_PREPROCESSOR_DEFINITIONS = (
					"DEBUG=1",
					"$(inherited)",
				);
				GCC_WARN_64_TO_32_BIT_CONVERSION = YES;
				GCC_WARN_ABOUT_RETURN_TYPE = YES_ERROR;
				GCC_WARN_UNDECLARED_SELECTOR = YES;
				GCC_WARN_UNINITIALIZED_AUTOS = YES_AGGRESSIVE;
				GCC_WARN_UNUSED_FUNCTION = YES;
				GCC_WARN_UNUSED_VARIABLE = YES;
				IPHONEOS_DEPLOYMENT_TARGET = 16.4;
				MTL_ENABLE_DEBUG_INFO = INCLUDE_SOURCE;
				MTL_FAST_MATH = YES;
				ONLY_ACTIVE_ARCH = YES;
				SDKROOT = iphoneos;
				SWIFT_ACTIVE_COMPILATION_CONDITIONS = DEBUG;
				SWIFT_OPTIMIZATION_LEVEL = "-Onone";
			};
			name = Debug;
		};
		947FB8F42AB36B74001315D1 /* Release */ = {
			isa = XCBuildConfiguration;
			buildSettings = {
				ALWAYS_SEARCH_USER_PATHS = NO;
				CLANG_ANALYZER_NONNULL = YES;
				CLANG_ANALYZER_NUMBER_OBJECT_CONVERSION = YES_AGGRESSIVE;
				CLANG_CXX_LANGUAGE_STANDARD = "gnu++20";
				CLANG_ENABLE_MODULES = YES;
				CLANG_ENABLE_OBJC_ARC = YES;
				CLANG_ENABLE_OBJC_WEAK = YES;
				CLANG_WARN_BLOCK_CAPTURE_AUTORELEASING = YES;
				CLANG_WARN_BOOL_CONVERSION = YES;
				CLANG_WARN_COMMA = YES;
				CLANG_WARN_CONSTANT_CONVERSION = YES;
				CLANG_WARN_DEPRECATED_OBJC_IMPLEMENTATIONS = YES;
				CLANG_WARN_DIRECT_OBJC_ISA_USAGE = YES_ERROR;
				CLANG_WARN_DOCUMENTATION_COMMENTS = YES;
				CLANG_WARN_EMPTY_BODY = YES;
				CLANG_WARN_ENUM_CONVERSION = YES;
				CLANG_WARN_INFINITE_RECURSION = YES;
				CLANG_WARN_INT_CONVERSION = YES;
				CLANG_WARN_NON_LITERAL_NULL_CONVERSION = YES;
				CLANG_WARN_OBJC_IMPLICIT_RETAIN_SELF = YES;
				CLANG_WARN_OBJC_LITERAL_CONVERSION = YES;
				CLANG_WARN_OBJC_ROOT_CLASS = YES_ERROR;
				CLANG_WARN_QUOTED_INCLUDE_IN_FRAMEWORK_HEADER = YES;
				CLANG_WARN_RANGE_LOOP_ANALYSIS = YES;
				CLANG_WARN_STRICT_PROTOTYPES = YES;
				CLANG_WARN_SUSPICIOUS_MOVE = YES;
				CLANG_WARN_UNGUARDED_AVAILABILITY = YES_AGGRESSIVE;
				CLANG_WARN_UNREACHABLE_CODE = YES;
				CLANG_WARN__DUPLICATE_METHOD_MATCH = YES;
				COPY_PHASE_STRIP = NO;
				DEBUG_INFORMATION_FORMAT = "dwarf-with-dsym";
				ENABLE_NS_ASSERTIONS = NO;
				ENABLE_STRICT_OBJC_MSGSEND = YES;
				GCC_C_LANGUAGE_STANDARD = gnu11;
				GCC_NO_COMMON_BLOCKS = YES;
				GCC_WARN_64_TO_32_BIT_CONVERSION = YES;
				GCC_WARN_ABOUT_RETURN_TYPE = YES_ERROR;
				GCC_WARN_UNDECLARED_SELECTOR = YES;
				GCC_WARN_UNINITIALIZED_AUTOS = YES_AGGRESSIVE;
				GCC_WARN_UNUSED_FUNCTION = YES;
				GCC_WARN_UNUSED_VARIABLE = YES;
				IPHONEOS_DEPLOYMENT_TARGET = 16.4;
				MTL_ENABLE_DEBUG_INFO = NO;
				MTL_FAST_MATH = YES;
				SDKROOT = iphoneos;
				SWIFT_COMPILATION_MODE = wholemodule;
				SWIFT_OPTIMIZATION_LEVEL = "-O";
				VALIDATE_PRODUCT = YES;
			};
			name = Release;
		};
		947FB8F62AB36B74001315D1 /* Debug */ = {
			isa = XCBuildConfiguration;
			buildSettings = {
				ASSETCATALOG_COMPILER_APPICON_NAME = AppIcon;
				ASSETCATALOG_COMPILER_GLOBAL_ACCENT_COLOR_NAME = AccentColor;
				CODE_SIGN_STYLE = Automatic;
				CURRENT_PROJECT_VERSION = 1;
				GENERATE_INFOPLIST_FILE = YES;
				INFOPLIST_FILE = TVMovie/Info.plist;
				INFOPLIST_KEY_UIApplicationSupportsIndirectInputEvents = YES;
				INFOPLIST_KEY_UILaunchStoryboardName = LaunchScreen;
				INFOPLIST_KEY_UIMainStoryboardFile = Main;
				INFOPLIST_KEY_UISupportedInterfaceOrientations_iPad = "UIInterfaceOrientationPortrait UIInterfaceOrientationPortraitUpsideDown UIInterfaceOrientationLandscapeLeft UIInterfaceOrientationLandscapeRight";
				INFOPLIST_KEY_UISupportedInterfaceOrientations_iPhone = "UIInterfaceOrientationPortrait UIInterfaceOrientationLandscapeLeft UIInterfaceOrientationLandscapeRight";
				LD_RUNPATH_SEARCH_PATHS = (
					"$(inherited)",
					"@executable_path/Frameworks",
				);
				MARKETING_VERSION = 1.0;
				PRODUCT_BUNDLE_IDENTIFIER = jm.TVMovie;
				PRODUCT_NAME = "$(TARGET_NAME)";
				SWIFT_EMIT_LOC_STRINGS = YES;
				SWIFT_VERSION = 5.0;
				TARGETED_DEVICE_FAMILY = "1,2";
			};
			name = Debug;
		};
		947FB8F72AB36B74001315D1 /* Release */ = {
			isa = XCBuildConfiguration;
			buildSettings = {
				ASSETCATALOG_COMPILER_APPICON_NAME = AppIcon;
				ASSETCATALOG_COMPILER_GLOBAL_ACCENT_COLOR_NAME = AccentColor;
				CODE_SIGN_STYLE = Automatic;
				CURRENT_PROJECT_VERSION = 1;
				GENERATE_INFOPLIST_FILE = YES;
				INFOPLIST_FILE = TVMovie/Info.plist;
				INFOPLIST_KEY_UIApplicationSupportsIndirectInputEvents = YES;
				INFOPLIST_KEY_UILaunchStoryboardName = LaunchScreen;
				INFOPLIST_KEY_UIMainStoryboardFile = Main;
				INFOPLIST_KEY_UISupportedInterfaceOrientations_iPad = "UIInterfaceOrientationPortrait UIInterfaceOrientationPortraitUpsideDown UIInterfaceOrientationLandscapeLeft UIInterfaceOrientationLandscapeRight";
				INFOPLIST_KEY_UISupportedInterfaceOrientations_iPhone = "UIInterfaceOrientationPortrait UIInterfaceOrientationLandscapeLeft UIInterfaceOrientationLandscapeRight";
				LD_RUNPATH_SEARCH_PATHS = (
					"$(inherited)",
					"@executable_path/Frameworks",
				);
				MARKETING_VERSION = 1.0;
				PRODUCT_BUNDLE_IDENTIFIER = jm.TVMovie;
				PRODUCT_NAME = "$(TARGET_NAME)";
				SWIFT_EMIT_LOC_STRINGS = YES;
				SWIFT_VERSION = 5.0;
				TARGETED_DEVICE_FAMILY = "1,2";
			};
			name = Release;
		};
/* End XCBuildConfiguration section */

/* Begin XCConfigurationList section */
		947FB8D92AB36B73001315D1 /* Build configuration list for PBXProject "TVMovie" */ = {
			isa = XCConfigurationList;
			buildConfigurations = (
				947FB8F32AB36B74001315D1 /* Debug */,
				947FB8F42AB36B74001315D1 /* Release */,
			);
			defaultConfigurationIsVisible = 0;
			defaultConfigurationName = Release;
		};
		947FB8F52AB36B74001315D1 /* Build configuration list for PBXNativeTarget "TVMovie" */ = {
			isa = XCConfigurationList;
			buildConfigurations = (
				947FB8F62AB36B74001315D1 /* Debug */,
				947FB8F72AB36B74001315D1 /* Release */,
			);
			defaultConfigurationIsVisible = 0;
			defaultConfigurationName = Release;
		};
/* End XCConfigurationList section */

/* Begin XCRemoteSwiftPackageReference section */
		947FB8F82AB36C28001315D1 /* XCRemoteSwiftPackageReference "Kingfisher" */ = {
			isa = XCRemoteSwiftPackageReference;
			repositoryURL = "https://github.com/onevcat/Kingfisher.git";
			requirement = {
				kind = upToNextMajorVersion;
				minimumVersion = 7.0.0;
			};
		};
		947FB8FB2AB36C88001315D1 /* XCRemoteSwiftPackageReference "SnapKit" */ = {
			isa = XCRemoteSwiftPackageReference;
			repositoryURL = "https://github.com/SnapKit/SnapKit.git";
			requirement = {
				kind = upToNextMajorVersion;
				minimumVersion = 5.0.0;
			};
		};
		947FB8FE2AB36D56001315D1 /* XCRemoteSwiftPackageReference "RxSwift" */ = {
			isa = XCRemoteSwiftPackageReference;
			repositoryURL = "https://github.com/ReactiveX/RxSwift.git";
			requirement = {
				kind = upToNextMajorVersion;
				minimumVersion = 6.0.0;
			};
		};
		947FB9032AB36DCE001315D1 /* XCRemoteSwiftPackageReference "RxAlamofire" */ = {
			isa = XCRemoteSwiftPackageReference;
			repositoryURL = "https://github.com/RxSwiftCommunity/RxAlamofire.git";
			requirement = {
				branch = main;
				kind = branch;
			};
		};
/* End XCRemoteSwiftPackageReference section */

/* Begin XCSwiftPackageProductDependency section */
		947FB8F92AB36C28001315D1 /* Kingfisher */ = {
			isa = XCSwiftPackageProductDependency;
			package = 947FB8F82AB36C28001315D1 /* XCRemoteSwiftPackageReference "Kingfisher" */;
			productName = Kingfisher;
		};
		947FB8FC2AB36C88001315D1 /* SnapKit */ = {
			isa = XCSwiftPackageProductDependency;
			package = 947FB8FB2AB36C88001315D1 /* XCRemoteSwiftPackageReference "SnapKit" */;
			productName = SnapKit;
		};
		947FB8FF2AB36D56001315D1 /* RxCocoa */ = {
			isa = XCSwiftPackageProductDependency;
			package = 947FB8FE2AB36D56001315D1 /* XCRemoteSwiftPackageReference "RxSwift" */;
			productName = RxCocoa;
		};
		947FB9012AB36D56001315D1 /* RxSwift */ = {
			isa = XCSwiftPackageProductDependency;
			package = 947FB8FE2AB36D56001315D1 /* XCRemoteSwiftPackageReference "RxSwift" */;
			productName = RxSwift;
		};
		947FB9042AB36DCE001315D1 /* RxAlamofire */ = {
			isa = XCSwiftPackageProductDependency;
			package = 947FB9032AB36DCE001315D1 /* XCRemoteSwiftPackageReference "RxAlamofire" */;
			productName = RxAlamofire;
		};
/* End XCSwiftPackageProductDependency section */

/* Begin XCVersionGroup section */
		947FB8EA2AB36B73001315D1 /* TVMovie.xcdatamodeld */ = {
			isa = XCVersionGroup;
			children = (
				947FB8EB2AB36B73001315D1 /* TVMovie.xcdatamodel */,
			);
			currentVersion = 947FB8EB2AB36B73001315D1 /* TVMovie.xcdatamodel */;
			path = TVMovie.xcdatamodeld;
			sourceTree = "<group>";
			versionGroupType = wrapper.xcdatamodel;
		};
/* End XCVersionGroup section */
	};
	rootObject = 947FB8D62AB36B73001315D1 /* Project object */;
}
